
Microsoft Visual Studio Solution File, Format Version 12.00
# Visual Studio 15
VisualStudioVersion = 15.0.27428.2005
MinimumVisualStudioVersion = 10.0.40219.1
Project("{FAE04EC0-301F-11D3-BF4B-00C04F79EFBC}") = "LogicAndAi", "LogicAndAi\LogicAndAi.csproj", "{52C8A286-F96D-4040-9319-ADAF4CB3F696}"
EndProject
Project("{FAE04EC0-301F-11D3-BF4B-00C04F79EFBC}") = "LogicAndAiTests", "LogicAndAiTests\LogicAndAiTests.csproj", "{2A945344-B10E-4F71-8D8B-B43196826E98}"
EndProject
Global
	GlobalSection(SolutionConfigurationPlatforms) = preSolution
		Debug|Any CPU = Debug|Any CPU
		Release|Any CPU = Release|Any CPU
	EndGlobalSection
	GlobalSection(ProjectConfigurationPlatforms) = postSolution
		{52C8A286-F96D-4040-9319-ADAF4CB3F696}.Debug|Any CPU.ActiveCfg = Debug|Any CPU
		{52C8A286-F96D-4040-9319-ADAF4CB3F696}.Debug|Any CPU.Build.0 = Debug|Any CPU
		{52C8A286-F96D-4040-9319-ADAF4CB3F696}.Release|Any CPU.ActiveCfg = Release|Any CPU
		{52C8A286-F96D-4040-9319-ADAF4CB3F696}.Release|Any CPU.Build.0 = Release|Any CPU
		{2A945344-B10E-4F71-8D8B-B43196826E98}.Debug|Any CPU.ActiveCfg = Debug|Any CPU
		{2A945344-B10E-4F71-8D8B-B43196826E98}.Debug|Any CPU.Build.0 = Debug|Any CPU
		{2A945344-B10E-4F71-8D8B-B43196826E98}.Release|Any CPU.ActiveCfg = Release|Any CPU
		{2A945344-B10E-4F71-8D8B-B43196826E98}.Release|Any CPU.Build.0 = Release|Any CPU
	EndGlobalSection
	GlobalSection(SolutionProperties) = preSolution
		HideSolutionNode = FALSE
	EndGlobalSection
	GlobalSection(ExtensibilityGlobals) = postSolution
		SolutionGuid = {12819972-9801-41CB-AA22-783D78824BBD}
	EndGlobalSection
EndGlobal
